// !$*UTF8*$!
{
	archiveVersion = 1;
	classes = {
	};
	objectVersion = 46;
	objects = {

/* Begin PBXBuildFile section */
		9413425C1CABE45D00C7CC2E /* CDTrain+CoreDataProperties.swift in Sources */ = {isa = PBXBuildFile; fileRef = 941342591CABE45D00C7CC2E /* CDTrain+CoreDataProperties.swift */; };
		9413425D1CABE45D00C7CC2E /* CDTrain.swift in Sources */ = {isa = PBXBuildFile; fileRef = 9413425A1CABE45D00C7CC2E /* CDTrain.swift */; };
		9413425E1CABE45D00C7CC2E /* NSManagedObject+FindAndInit.swift in Sources */ = {isa = PBXBuildFile; fileRef = 9413425B1CABE45D00C7CC2E /* NSManagedObject+FindAndInit.swift */; };
		941342611CABFF4900C7CC2E /* DataModel.xcdatamodel in Sources */ = {isa = PBXBuildFile; fileRef = 941342571CABE44C00C7CC2E /* DataModel.xcdatamodel */; };
		948170211CAD1D470039DE03 /* TrainItemCell.xib in Resources */ = {isa = PBXBuildFile; fileRef = 948170201CAD1D470039DE03 /* TrainItemCell.xib */; };
		94959E041CA6F72C003E9EF6 /* CoreDataStack.h in Headers */ = {isa = PBXBuildFile; fileRef = 94959E031CA6F72C003E9EF6 /* CoreDataStack.h */; settings = {ATTRIBUTES = (Public, ); }; };
		94959E0B1CA6F72C003E9EF6 /* CoreDataStack.framework in Frameworks */ = {isa = PBXBuildFile; fileRef = 94959E001CA6F72C003E9EF6 /* CoreDataStack.framework */; };
		94959E101CA6F72C003E9EF6 /* CoreDataStackTests.swift in Sources */ = {isa = PBXBuildFile; fileRef = 94959E0F1CA6F72C003E9EF6 /* CoreDataStackTests.swift */; };
		94959E331CA6F83C003E9EF6 /* Collection+CoreDataExtensions.swift in Sources */ = {isa = PBXBuildFile; fileRef = 94959E1B1CA6F83C003E9EF6 /* Collection+CoreDataExtensions.swift */; };
		94959E341CA6F83C003E9EF6 /* CollectionViewDataSource.swift in Sources */ = {isa = PBXBuildFile; fileRef = 94959E1C1CA6F83C003E9EF6 /* CollectionViewDataSource.swift */; };
		94959E351CA6F83C003E9EF6 /* ConfigurableCell.swift in Sources */ = {isa = PBXBuildFile; fileRef = 94959E1D1CA6F83C003E9EF6 /* ConfigurableCell.swift */; };
		94959E361CA6F83C003E9EF6 /* CoreDataErrors.swift in Sources */ = {isa = PBXBuildFile; fileRef = 94959E1E1CA6F83C003E9EF6 /* CoreDataErrors.swift */; };
		94959E371CA6F83C003E9EF6 /* CoreDataStack.h in Headers */ = {isa = PBXBuildFile; fileRef = 94959E1F1CA6F83C003E9EF6 /* CoreDataStack.h */; };
		94959E381CA6F83C003E9EF6 /* DataProvider.swift in Sources */ = {isa = PBXBuildFile; fileRef = 94959E201CA6F83C003E9EF6 /* DataProvider.swift */; };
		94959E391CA6F83C003E9EF6 /* DataSource.swift in Sources */ = {isa = PBXBuildFile; fileRef = 94959E211CA6F83C003E9EF6 /* DataSource.swift */; };
		94959E3A1CA6F83C003E9EF6 /* FetchedResultsDataProvider.swift in Sources */ = {isa = PBXBuildFile; fileRef = 94959E221CA6F83C003E9EF6 /* FetchedResultsDataProvider.swift */; };
		94959E3C1CA6F83C003E9EF6 /* KeyCodable.swift in Sources */ = {isa = PBXBuildFile; fileRef = 94959E241CA6F83C003E9EF6 /* KeyCodable.swift */; };
		94959E3D1CA6F83C003E9EF6 /* ManagedObject.swift in Sources */ = {isa = PBXBuildFile; fileRef = 94959E251CA6F83C003E9EF6 /* ManagedObject.swift */; };
		94959E3E1CA6F83C003E9EF6 /* ManagedObjectObserver.swift in Sources */ = {isa = PBXBuildFile; fileRef = 94959E261CA6F83C003E9EF6 /* ManagedObjectObserver.swift */; };
		94959E3F1CA6F83C003E9EF6 /* Migration.swift in Sources */ = {isa = PBXBuildFile; fileRef = 94959E271CA6F83C003E9EF6 /* Migration.swift */; };
		94959E401CA6F83C003E9EF6 /* ModelBuilder.swift in Sources */ = {isa = PBXBuildFile; fileRef = 94959E281CA6F83C003E9EF6 /* ModelBuilder.swift */; };
		94959E411CA6F83C003E9EF6 /* ModelVersionType.swift in Sources */ = {isa = PBXBuildFile; fileRef = 94959E291CA6F83C003E9EF6 /* ModelVersionType.swift */; };
		94959E421CA6F83C003E9EF6 /* NSFetchedResultsController+Extensions.swift in Sources */ = {isa = PBXBuildFile; fileRef = 94959E2A1CA6F83C003E9EF6 /* NSFetchedResultsController+Extensions.swift */; };
		94959E431CA6F83C003E9EF6 /* NSFetchRequest+Extensions.swift in Sources */ = {isa = PBXBuildFile; fileRef = 94959E2B1CA6F83C003E9EF6 /* NSFetchRequest+Extensions.swift */; };
		94959E441CA6F83C003E9EF6 /* NSManagedObject+Extensions.swift in Sources */ = {isa = PBXBuildFile; fileRef = 94959E2C1CA6F83C003E9EF6 /* NSManagedObject+Extensions.swift */; };
		94959E451CA6F83C003E9EF6 /* NSManagedObjectContext+Extensions.swift in Sources */ = {isa = PBXBuildFile; fileRef = 94959E2D1CA6F83C003E9EF6 /* NSManagedObjectContext+Extensions.swift */; };
		94959E461CA6F83C003E9EF6 /* NSManagedObjectContext+Observers.swift in Sources */ = {isa = PBXBuildFile; fileRef = 94959E2E1CA6F83C003E9EF6 /* NSManagedObjectContext+Observers.swift */; };
		94959E471CA6F83C003E9EF6 /* NSPersistentStoreCoordinator+Extensions.swift in Sources */ = {isa = PBXBuildFile; fileRef = 94959E2F1CA6F83C003E9EF6 /* NSPersistentStoreCoordinator+Extensions.swift */; };
		94959E481CA6F83C003E9EF6 /* TableViewDataSource.swift in Sources */ = {isa = PBXBuildFile; fileRef = 94959E301CA6F83C003E9EF6 /* TableViewDataSource.swift */; };
		94959E491CA6F83C003E9EF6 /* Utilities.swift in Sources */ = {isa = PBXBuildFile; fileRef = 94959E311CA6F83C003E9EF6 /* Utilities.swift */; };
		94959E4A1CA6F83C003E9EF6 /* ValueTransformer.swift in Sources */ = {isa = PBXBuildFile; fileRef = 94959E321CA6F83C003E9EF6 /* ValueTransformer.swift */; };
		94959E501CA6F865003E9EF6 /* ManagedObjectContextSettable.swift in Sources */ = {isa = PBXBuildFile; fileRef = 94959E4C1CA6F865003E9EF6 /* ManagedObjectContextSettable.swift */; };
		94959E511CA6F865003E9EF6 /* UITabBarViewControllerCoreDataExtension.swift in Sources */ = {isa = PBXBuildFile; fileRef = 94959E4D1CA6F865003E9EF6 /* UITabBarViewControllerCoreDataExtension.swift */; };
		94959E521CA6F865003E9EF6 /* UINavigationControllerCoreDataExtension.swift in Sources */ = {isa = PBXBuildFile; fileRef = 94959E4E1CA6F865003E9EF6 /* UINavigationControllerCoreDataExtension.swift */; };
		94959E531CA6F865003E9EF6 /* ManagedObjectDisplaying.swift in Sources */ = {isa = PBXBuildFile; fileRef = 94959E4F1CA6F865003E9EF6 /* ManagedObjectDisplaying.swift */; };
		94959E561CA6FD22003E9EF6 /* CoreDataStack.swift in Sources */ = {isa = PBXBuildFile; fileRef = 94959E551CA6FD22003E9EF6 /* CoreDataStack.swift */; };
/* End PBXBuildFile section */

/* Begin PBXContainerItemProxy section */
		94959E0C1CA6F72C003E9EF6 /* PBXContainerItemProxy */ = {
			isa = PBXContainerItemProxy;
			containerPortal = 94959DF71CA6F72C003E9EF6 /* Project object */;
			proxyType = 1;
			remoteGlobalIDString = 94959DFF1CA6F72C003E9EF6;
			remoteInfo = CoreDataStack;
		};
/* End PBXContainerItemProxy section */

/* Begin PBXFileReference section */
		941342571CABE44C00C7CC2E /* DataModel.xcdatamodel */ = {isa = PBXFileReference; lastKnownFileType = wrapper.xcdatamodel; path = DataModel.xcdatamodel; sourceTree = "<group>"; };
		941342591CABE45D00C7CC2E /* CDTrain+CoreDataProperties.swift */ = {isa = PBXFileReference; fileEncoding = 4; lastKnownFileType = sourcecode.swift; path = "CDTrain+CoreDataProperties.swift"; sourceTree = "<group>"; };
		9413425A1CABE45D00C7CC2E /* CDTrain.swift */ = {isa = PBXFileReference; fileEncoding = 4; lastKnownFileType = sourcecode.swift; path = CDTrain.swift; sourceTree = "<group>"; };
		9413425B1CABE45D00C7CC2E /* NSManagedObject+FindAndInit.swift */ = {isa = PBXFileReference; fileEncoding = 4; lastKnownFileType = sourcecode.swift; path = "NSManagedObject+FindAndInit.swift"; sourceTree = "<group>"; };
		948170201CAD1D470039DE03 /* TrainItemCell.xib */ = {isa = PBXFileReference; fileEncoding = 4; lastKnownFileType = file.xib; path = TrainItemCell.xib; sourceTree = "<group>"; };
		94959E001CA6F72C003E9EF6 /* CoreDataStack.framework */ = {isa = PBXFileReference; explicitFileType = wrapper.framework; includeInIndex = 0; path = CoreDataStack.framework; sourceTree = BUILT_PRODUCTS_DIR; };
		94959E031CA6F72C003E9EF6 /* CoreDataStack.h */ = {isa = PBXFileReference; lastKnownFileType = sourcecode.c.h; path = CoreDataStack.h; sourceTree = "<group>"; };
		94959E051CA6F72C003E9EF6 /* Info.plist */ = {isa = PBXFileReference; lastKnownFileType = text.plist.xml; path = Info.plist; sourceTree = "<group>"; };
		94959E0A1CA6F72C003E9EF6 /* CoreDataStackTests.xctest */ = {isa = PBXFileReference; explicitFileType = wrapper.cfbundle; includeInIndex = 0; path = CoreDataStackTests.xctest; sourceTree = BUILT_PRODUCTS_DIR; };
		94959E0F1CA6F72C003E9EF6 /* CoreDataStackTests.swift */ = {isa = PBXFileReference; lastKnownFileType = sourcecode.swift; path = CoreDataStackTests.swift; sourceTree = "<group>"; };
		94959E111CA6F72C003E9EF6 /* Info.plist */ = {isa = PBXFileReference; lastKnownFileType = text.plist.xml; path = Info.plist; sourceTree = "<group>"; };
		94959E1B1CA6F83C003E9EF6 /* Collection+CoreDataExtensions.swift */ = {isa = PBXFileReference; fileEncoding = 4; lastKnownFileType = sourcecode.swift; path = "Collection+CoreDataExtensions.swift"; sourceTree = "<group>"; };
		94959E1C1CA6F83C003E9EF6 /* CollectionViewDataSource.swift */ = {isa = PBXFileReference; fileEncoding = 4; lastKnownFileType = sourcecode.swift; path = CollectionViewDataSource.swift; sourceTree = "<group>"; };
		94959E1D1CA6F83C003E9EF6 /* ConfigurableCell.swift */ = {isa = PBXFileReference; fileEncoding = 4; lastKnownFileType = sourcecode.swift; path = ConfigurableCell.swift; sourceTree = "<group>"; };
		94959E1E1CA6F83C003E9EF6 /* CoreDataErrors.swift */ = {isa = PBXFileReference; fileEncoding = 4; lastKnownFileType = sourcecode.swift; path = CoreDataErrors.swift; sourceTree = "<group>"; };
		94959E1F1CA6F83C003E9EF6 /* CoreDataStack.h */ = {isa = PBXFileReference; fileEncoding = 4; lastKnownFileType = sourcecode.c.h; path = CoreDataStack.h; sourceTree = "<group>"; };
		94959E201CA6F83C003E9EF6 /* DataProvider.swift */ = {isa = PBXFileReference; fileEncoding = 4; lastKnownFileType = sourcecode.swift; path = DataProvider.swift; sourceTree = "<group>"; };
		94959E211CA6F83C003E9EF6 /* DataSource.swift */ = {isa = PBXFileReference; fileEncoding = 4; lastKnownFileType = sourcecode.swift; path = DataSource.swift; sourceTree = "<group>"; };
		94959E221CA6F83C003E9EF6 /* FetchedResultsDataProvider.swift */ = {isa = PBXFileReference; fileEncoding = 4; lastKnownFileType = sourcecode.swift; path = FetchedResultsDataProvider.swift; sourceTree = "<group>"; };
		94959E241CA6F83C003E9EF6 /* KeyCodable.swift */ = {isa = PBXFileReference; fileEncoding = 4; lastKnownFileType = sourcecode.swift; path = KeyCodable.swift; sourceTree = "<group>"; };
		94959E251CA6F83C003E9EF6 /* ManagedObject.swift */ = {isa = PBXFileReference; fileEncoding = 4; lastKnownFileType = sourcecode.swift; path = ManagedObject.swift; sourceTree = "<group>"; };
		94959E261CA6F83C003E9EF6 /* ManagedObjectObserver.swift */ = {isa = PBXFileReference; fileEncoding = 4; lastKnownFileType = sourcecode.swift; path = ManagedObjectObserver.swift; sourceTree = "<group>"; };
		94959E271CA6F83C003E9EF6 /* Migration.swift */ = {isa = PBXFileReference; fileEncoding = 4; lastKnownFileType = sourcecode.swift; path = Migration.swift; sourceTree = "<group>"; };
		94959E281CA6F83C003E9EF6 /* ModelBuilder.swift */ = {isa = PBXFileReference; fileEncoding = 4; lastKnownFileType = sourcecode.swift; path = ModelBuilder.swift; sourceTree = "<group>"; };
		94959E291CA6F83C003E9EF6 /* ModelVersionType.swift */ = {isa = PBXFileReference; fileEncoding = 4; lastKnownFileType = sourcecode.swift; path = ModelVersionType.swift; sourceTree = "<group>"; };
		94959E2A1CA6F83C003E9EF6 /* NSFetchedResultsController+Extensions.swift */ = {isa = PBXFileReference; fileEncoding = 4; lastKnownFileType = sourcecode.swift; path = "NSFetchedResultsController+Extensions.swift"; sourceTree = "<group>"; };
		94959E2B1CA6F83C003E9EF6 /* NSFetchRequest+Extensions.swift */ = {isa = PBXFileReference; fileEncoding = 4; lastKnownFileType = sourcecode.swift; path = "NSFetchRequest+Extensions.swift"; sourceTree = "<group>"; };
		94959E2C1CA6F83C003E9EF6 /* NSManagedObject+Extensions.swift */ = {isa = PBXFileReference; fileEncoding = 4; lastKnownFileType = sourcecode.swift; path = "NSManagedObject+Extensions.swift"; sourceTree = "<group>"; };
		94959E2D1CA6F83C003E9EF6 /* NSManagedObjectContext+Extensions.swift */ = {isa = PBXFileReference; fileEncoding = 4; lastKnownFileType = sourcecode.swift; path = "NSManagedObjectContext+Extensions.swift"; sourceTree = "<group>"; };
		94959E2E1CA6F83C003E9EF6 /* NSManagedObjectContext+Observers.swift */ = {isa = PBXFileReference; fileEncoding = 4; lastKnownFileType = sourcecode.swift; path = "NSManagedObjectContext+Observers.swift"; sourceTree = "<group>"; };
		94959E2F1CA6F83C003E9EF6 /* NSPersistentStoreCoordinator+Extensions.swift */ = {isa = PBXFileReference; fileEncoding = 4; lastKnownFileType = sourcecode.swift; path = "NSPersistentStoreCoordinator+Extensions.swift"; sourceTree = "<group>"; };
		94959E301CA6F83C003E9EF6 /* TableViewDataSource.swift */ = {isa = PBXFileReference; fileEncoding = 4; lastKnownFileType = sourcecode.swift; path = TableViewDataSource.swift; sourceTree = "<group>"; };
		94959E311CA6F83C003E9EF6 /* Utilities.swift */ = {isa = PBXFileReference; fileEncoding = 4; lastKnownFileType = sourcecode.swift; path = Utilities.swift; sourceTree = "<group>"; };
		94959E321CA6F83C003E9EF6 /* ValueTransformer.swift */ = {isa = PBXFileReference; fileEncoding = 4; lastKnownFileType = sourcecode.swift; path = ValueTransformer.swift; sourceTree = "<group>"; };
		94959E4C1CA6F865003E9EF6 /* ManagedObjectContextSettable.swift */ = {isa = PBXFileReference; fileEncoding = 4; lastKnownFileType = sourcecode.swift; path = ManagedObjectContextSettable.swift; sourceTree = "<group>"; };
		94959E4D1CA6F865003E9EF6 /* UITabBarViewControllerCoreDataExtension.swift */ = {isa = PBXFileReference; fileEncoding = 4; lastKnownFileType = sourcecode.swift; path = UITabBarViewControllerCoreDataExtension.swift; sourceTree = "<group>"; };
		94959E4E1CA6F865003E9EF6 /* UINavigationControllerCoreDataExtension.swift */ = {isa = PBXFileReference; fileEncoding = 4; lastKnownFileType = sourcecode.swift; path = UINavigationControllerCoreDataExtension.swift; sourceTree = "<group>"; };
		94959E4F1CA6F865003E9EF6 /* ManagedObjectDisplaying.swift */ = {isa = PBXFileReference; fileEncoding = 4; lastKnownFileType = sourcecode.swift; path = ManagedObjectDisplaying.swift; sourceTree = "<group>"; };
		94959E551CA6FD22003E9EF6 /* CoreDataStack.swift */ = {isa = PBXFileReference; fileEncoding = 4; lastKnownFileType = sourcecode.swift; path = CoreDataStack.swift; sourceTree = "<group>"; };
/* End PBXFileReference section */

/* Begin PBXFrameworksBuildPhase section */
		94959DFC1CA6F72C003E9EF6 /* Frameworks */ = {
			isa = PBXFrameworksBuildPhase;
			buildActionMask = 2147483647;
			files = (
			);
			runOnlyForDeploymentPostprocessing = 0;
		};
		94959E071CA6F72C003E9EF6 /* Frameworks */ = {
			isa = PBXFrameworksBuildPhase;
			buildActionMask = 2147483647;
			files = (
				94959E0B1CA6F72C003E9EF6 /* CoreDataStack.framework in Frameworks */,
			);
			runOnlyForDeploymentPostprocessing = 0;
		};
/* End PBXFrameworksBuildPhase section */

/* Begin PBXGroup section */
		94959DF61CA6F72C003E9EF6 = {
			isa = PBXGroup;
			children = (
				94959E1A1CA6F7B2003E9EF6 /* Source */,
				94959E021CA6F72C003E9EF6 /* CoreDataStack */,
				94959E0E1CA6F72C003E9EF6 /* CoreDataStackTests */,
				94959E011CA6F72C003E9EF6 /* Products */,
			);
			sourceTree = "<group>";
		};
		94959E011CA6F72C003E9EF6 /* Products */ = {
			isa = PBXGroup;
			children = (
				94959E001CA6F72C003E9EF6 /* CoreDataStack.framework */,
				94959E0A1CA6F72C003E9EF6 /* CoreDataStackTests.xctest */,
			);
			name = Products;
			sourceTree = "<group>";
		};
		94959E021CA6F72C003E9EF6 /* CoreDataStack */ = {
			isa = PBXGroup;
			children = (
				94959E031CA6F72C003E9EF6 /* CoreDataStack.h */,
				94959E051CA6F72C003E9EF6 /* Info.plist */,
			);
			path = CoreDataStack;
			sourceTree = "<group>";
		};
		94959E0E1CA6F72C003E9EF6 /* CoreDataStackTests */ = {
			isa = PBXGroup;
			children = (
				941342571CABE44C00C7CC2E /* DataModel.xcdatamodel */,
				948170201CAD1D470039DE03 /* TrainItemCell.xib */,
				941342591CABE45D00C7CC2E /* CDTrain+CoreDataProperties.swift */,
				9413425A1CABE45D00C7CC2E /* CDTrain.swift */,
				9413425B1CABE45D00C7CC2E /* NSManagedObject+FindAndInit.swift */,
				94959E0F1CA6F72C003E9EF6 /* CoreDataStackTests.swift */,
				94959E111CA6F72C003E9EF6 /* Info.plist */,
			);
			path = CoreDataStackTests;
			sourceTree = "<group>";
		};
		94959E1A1CA6F7B2003E9EF6 /* Source */ = {
			isa = PBXGroup;
			children = (
				94959E551CA6FD22003E9EF6 /* CoreDataStack.swift */,
				94959E541CA6F9D5003E9EF6 /* dataSources */,
				94959E4B1CA6F85C003E9EF6 /* controller */,
				94959E1B1CA6F83C003E9EF6 /* Collection+CoreDataExtensions.swift */,
				94959E1D1CA6F83C003E9EF6 /* ConfigurableCell.swift */,
				94959E1E1CA6F83C003E9EF6 /* CoreDataErrors.swift */,
				94959E1F1CA6F83C003E9EF6 /* CoreDataStack.h */,
				94959E221CA6F83C003E9EF6 /* FetchedResultsDataProvider.swift */,
				94959E241CA6F83C003E9EF6 /* KeyCodable.swift */,
				94959E251CA6F83C003E9EF6 /* ManagedObject.swift */,
				94959E261CA6F83C003E9EF6 /* ManagedObjectObserver.swift */,
				94959E271CA6F83C003E9EF6 /* Migration.swift */,
				94959E281CA6F83C003E9EF6 /* ModelBuilder.swift */,
				94959E291CA6F83C003E9EF6 /* ModelVersionType.swift */,
				94959E2A1CA6F83C003E9EF6 /* NSFetchedResultsController+Extensions.swift */,
				94959E2B1CA6F83C003E9EF6 /* NSFetchRequest+Extensions.swift */,
				94959E2C1CA6F83C003E9EF6 /* NSManagedObject+Extensions.swift */,
				94959E2D1CA6F83C003E9EF6 /* NSManagedObjectContext+Extensions.swift */,
				94959E2E1CA6F83C003E9EF6 /* NSManagedObjectContext+Observers.swift */,
				94959E2F1CA6F83C003E9EF6 /* NSPersistentStoreCoordinator+Extensions.swift */,
				94959E311CA6F83C003E9EF6 /* Utilities.swift */,
				94959E321CA6F83C003E9EF6 /* ValueTransformer.swift */,
			);
			path = Source;
			sourceTree = "<group>";
		};
		94959E4B1CA6F85C003E9EF6 /* controller */ = {
			isa = PBXGroup;
			children = (
				94959E4C1CA6F865003E9EF6 /* ManagedObjectContextSettable.swift */,
				94959E4D1CA6F865003E9EF6 /* UITabBarViewControllerCoreDataExtension.swift */,
				94959E4E1CA6F865003E9EF6 /* UINavigationControllerCoreDataExtension.swift */,
				94959E4F1CA6F865003E9EF6 /* ManagedObjectDisplaying.swift */,
			);
			name = controller;
			sourceTree = "<group>";
		};
		94959E541CA6F9D5003E9EF6 /* dataSources */ = {
			isa = PBXGroup;
			children = (
				94959E1C1CA6F83C003E9EF6 /* CollectionViewDataSource.swift */,
				94959E301CA6F83C003E9EF6 /* TableViewDataSource.swift */,
				94959E201CA6F83C003E9EF6 /* DataProvider.swift */,
				94959E211CA6F83C003E9EF6 /* DataSource.swift */,
			);
			name = dataSources;
			sourceTree = "<group>";
		};
/* End PBXGroup section */

/* Begin PBXHeadersBuildPhase section */
		94959DFD1CA6F72C003E9EF6 /* Headers */ = {
			isa = PBXHeadersBuildPhase;
			buildActionMask = 2147483647;
			files = (
				94959E371CA6F83C003E9EF6 /* CoreDataStack.h in Headers */,
				94959E041CA6F72C003E9EF6 /* CoreDataStack.h in Headers */,
			);
			runOnlyForDeploymentPostprocessing = 0;
		};
/* End PBXHeadersBuildPhase section */

/* Begin PBXNativeTarget section */
		94959DFF1CA6F72C003E9EF6 /* CoreDataStack */ = {
			isa = PBXNativeTarget;
			buildConfigurationList = 94959E141CA6F72C003E9EF6 /* Build configuration list for PBXNativeTarget "CoreDataStack" */;
			buildPhases = (
				94959DFB1CA6F72C003E9EF6 /* Sources */,
				94959DFC1CA6F72C003E9EF6 /* Frameworks */,
				94959DFD1CA6F72C003E9EF6 /* Headers */,
				94959DFE1CA6F72C003E9EF6 /* Resources */,
			);
			buildRules = (
			);
			dependencies = (
			);
			name = CoreDataStack;
			productName = CoreDataStack;
			productReference = 94959E001CA6F72C003E9EF6 /* CoreDataStack.framework */;
			productType = "com.apple.product-type.framework";
		};
		94959E091CA6F72C003E9EF6 /* CoreDataStackTests */ = {
			isa = PBXNativeTarget;
			buildConfigurationList = 94959E171CA6F72C003E9EF6 /* Build configuration list for PBXNativeTarget "CoreDataStackTests" */;
			buildPhases = (
				94959E061CA6F72C003E9EF6 /* Sources */,
				94959E071CA6F72C003E9EF6 /* Frameworks */,
				94959E081CA6F72C003E9EF6 /* Resources */,
			);
			buildRules = (
			);
			dependencies = (
				94959E0D1CA6F72C003E9EF6 /* PBXTargetDependency */,
			);
			name = CoreDataStackTests;
			productName = CoreDataStackTests;
			productReference = 94959E0A1CA6F72C003E9EF6 /* CoreDataStackTests.xctest */;
			productType = "com.apple.product-type.bundle.unit-test";
		};
/* End PBXNativeTarget section */

/* Begin PBXProject section */
		94959DF71CA6F72C003E9EF6 /* Project object */ = {
			isa = PBXProject;
			attributes = {
				LastSwiftUpdateCheck = 0730;
				LastUpgradeCheck = 0900;
				ORGANIZATIONNAME = "Lukas Schmidt";
				TargetAttributes = {
					94959DFF1CA6F72C003E9EF6 = {
						CreatedOnToolsVersion = 7.3;
						LastSwiftMigration = 0800;
					};
					94959E091CA6F72C003E9EF6 = {
						CreatedOnToolsVersion = 7.3;
						DevelopmentTeam = KH5K7JSKH9;
						LastSwiftMigration = 0800;
					};
				};
			};
			buildConfigurationList = 94959DFA1CA6F72C003E9EF6 /* Build configuration list for PBXProject "CoreDataStack" */;
			compatibilityVersion = "Xcode 3.2";
			developmentRegion = English;
			hasScannedForEncodings = 0;
			knownRegions = (
				en,
			);
			mainGroup = 94959DF61CA6F72C003E9EF6;
			productRefGroup = 94959E011CA6F72C003E9EF6 /* Products */;
			projectDirPath = "";
			projectRoot = "";
			targets = (
				94959DFF1CA6F72C003E9EF6 /* CoreDataStack */,
				94959E091CA6F72C003E9EF6 /* CoreDataStackTests */,
			);
		};
/* End PBXProject section */

/* Begin PBXResourcesBuildPhase section */
		94959DFE1CA6F72C003E9EF6 /* Resources */ = {
			isa = PBXResourcesBuildPhase;
			buildActionMask = 2147483647;
			files = (
			);
			runOnlyForDeploymentPostprocessing = 0;
		};
		94959E081CA6F72C003E9EF6 /* Resources */ = {
			isa = PBXResourcesBuildPhase;
			buildActionMask = 2147483647;
			files = (
				948170211CAD1D470039DE03 /* TrainItemCell.xib in Resources */,
			);
			runOnlyForDeploymentPostprocessing = 0;
		};
/* End PBXResourcesBuildPhase section */

/* Begin PBXSourcesBuildPhase section */
		94959DFB1CA6F72C003E9EF6 /* Sources */ = {
			isa = PBXSourcesBuildPhase;
			buildActionMask = 2147483647;
			files = (
				94959E391CA6F83C003E9EF6 /* DataSource.swift in Sources */,
				94959E521CA6F865003E9EF6 /* UINavigationControllerCoreDataExtension.swift in Sources */,
				94959E4A1CA6F83C003E9EF6 /* ValueTransformer.swift in Sources */,
				94959E561CA6FD22003E9EF6 /* CoreDataStack.swift in Sources */,
				94959E351CA6F83C003E9EF6 /* ConfigurableCell.swift in Sources */,
				94959E3A1CA6F83C003E9EF6 /* FetchedResultsDataProvider.swift in Sources */,
				94959E331CA6F83C003E9EF6 /* Collection+CoreDataExtensions.swift in Sources */,
				94959E471CA6F83C003E9EF6 /* NSPersistentStoreCoordinator+Extensions.swift in Sources */,
				94959E3E1CA6F83C003E9EF6 /* ManagedObjectObserver.swift in Sources */,
				94959E481CA6F83C003E9EF6 /* TableViewDataSource.swift in Sources */,
				94959E381CA6F83C003E9EF6 /* DataProvider.swift in Sources */,
				94959E511CA6F865003E9EF6 /* UITabBarViewControllerCoreDataExtension.swift in Sources */,
				94959E441CA6F83C003E9EF6 /* NSManagedObject+Extensions.swift in Sources */,
				94959E491CA6F83C003E9EF6 /* Utilities.swift in Sources */,
				94959E341CA6F83C003E9EF6 /* CollectionViewDataSource.swift in Sources */,
				94959E531CA6F865003E9EF6 /* ManagedObjectDisplaying.swift in Sources */,
				94959E3C1CA6F83C003E9EF6 /* KeyCodable.swift in Sources */,
				94959E501CA6F865003E9EF6 /* ManagedObjectContextSettable.swift in Sources */,
				94959E361CA6F83C003E9EF6 /* CoreDataErrors.swift in Sources */,
				94959E421CA6F83C003E9EF6 /* NSFetchedResultsController+Extensions.swift in Sources */,
				94959E411CA6F83C003E9EF6 /* ModelVersionType.swift in Sources */,
				94959E401CA6F83C003E9EF6 /* ModelBuilder.swift in Sources */,
				94959E461CA6F83C003E9EF6 /* NSManagedObjectContext+Observers.swift in Sources */,
				94959E3F1CA6F83C003E9EF6 /* Migration.swift in Sources */,
				94959E451CA6F83C003E9EF6 /* NSManagedObjectContext+Extensions.swift in Sources */,
				94959E3D1CA6F83C003E9EF6 /* ManagedObject.swift in Sources */,
				94959E431CA6F83C003E9EF6 /* NSFetchRequest+Extensions.swift in Sources */,
			);
			runOnlyForDeploymentPostprocessing = 0;
		};
		94959E061CA6F72C003E9EF6 /* Sources */ = {
			isa = PBXSourcesBuildPhase;
			buildActionMask = 2147483647;
			files = (
				9413425D1CABE45D00C7CC2E /* CDTrain.swift in Sources */,
				9413425C1CABE45D00C7CC2E /* CDTrain+CoreDataProperties.swift in Sources */,
				9413425E1CABE45D00C7CC2E /* NSManagedObject+FindAndInit.swift in Sources */,
				94959E101CA6F72C003E9EF6 /* CoreDataStackTests.swift in Sources */,
				941342611CABFF4900C7CC2E /* DataModel.xcdatamodel in Sources */,
			);
			runOnlyForDeploymentPostprocessing = 0;
		};
/* End PBXSourcesBuildPhase section */

/* Begin PBXTargetDependency section */
		94959E0D1CA6F72C003E9EF6 /* PBXTargetDependency */ = {
			isa = PBXTargetDependency;
			target = 94959DFF1CA6F72C003E9EF6 /* CoreDataStack */;
			targetProxy = 94959E0C1CA6F72C003E9EF6 /* PBXContainerItemProxy */;
		};
/* End PBXTargetDependency section */

/* Begin XCBuildConfiguration section */
		94959E121CA6F72C003E9EF6 /* Debug */ = {
			isa = XCBuildConfiguration;
			buildSettings = {
				ALWAYS_SEARCH_USER_PATHS = NO;
				CLANG_ANALYZER_NONNULL = YES;
				CLANG_CXX_LANGUAGE_STANDARD = "gnu++0x";
				CLANG_CXX_LIBRARY = "libc++";
				CLANG_ENABLE_MODULES = YES;
				CLANG_ENABLE_OBJC_ARC = YES;
				CLANG_WARN_BLOCK_CAPTURE_AUTORELEASING = YES;
				CLANG_WARN_BOOL_CONVERSION = YES;
				CLANG_WARN_COMMA = YES;
				CLANG_WARN_CONSTANT_CONVERSION = YES;
				CLANG_WARN_DIRECT_OBJC_ISA_USAGE = YES_ERROR;
				CLANG_WARN_EMPTY_BODY = YES;
				CLANG_WARN_ENUM_CONVERSION = YES;
				CLANG_WARN_INFINITE_RECURSION = YES;
				CLANG_WARN_INT_CONVERSION = YES;
				CLANG_WARN_NON_LITERAL_NULL_CONVERSION = YES;
				CLANG_WARN_OBJC_LITERAL_CONVERSION = YES;
				CLANG_WARN_OBJC_ROOT_CLASS = YES_ERROR;
				CLANG_WARN_RANGE_LOOP_ANALYSIS = YES;
				CLANG_WARN_STRICT_PROTOTYPES = YES;
				CLANG_WARN_SUSPICIOUS_MOVE = YES;
				CLANG_WARN_UNREACHABLE_CODE = YES;
				CLANG_WARN__DUPLICATE_METHOD_MATCH = YES;
				"CODE_SIGN_IDENTITY[sdk=iphoneos*]" = "iPhone Developer";
				COPY_PHASE_STRIP = NO;
				CURRENT_PROJECT_VERSION = 1;
				DEBUG_INFORMATION_FORMAT = dwarf;
				ENABLE_STRICT_OBJC_MSGSEND = YES;
				ENABLE_TESTABILITY = YES;
				GCC_C_LANGUAGE_STANDARD = gnu99;
				GCC_DYNAMIC_NO_PIC = NO;
				GCC_NO_COMMON_BLOCKS = YES;
				GCC_OPTIMIZATION_LEVEL = 0;
				GCC_PREPROCESSOR_DEFINITIONS = (
					"DEBUG=1",
					"$(inherited)",
				);
				GCC_WARN_64_TO_32_BIT_CONVERSION = YES;
				GCC_WARN_ABOUT_RETURN_TYPE = YES_ERROR;
				GCC_WARN_UNDECLARED_SELECTOR = YES;
				GCC_WARN_UNINITIALIZED_AUTOS = YES_AGGRESSIVE;
				GCC_WARN_UNUSED_FUNCTION = YES;
				GCC_WARN_UNUSED_VARIABLE = YES;
				IPHONEOS_DEPLOYMENT_TARGET = 9.3;
				MTL_ENABLE_DEBUG_INFO = YES;
				ONLY_ACTIVE_ARCH = YES;
				SDKROOT = iphoneos;
				SWIFT_OPTIMIZATION_LEVEL = "-Onone";
				TARGETED_DEVICE_FAMILY = "1,2";
				VALID_ARCHS = "arm64 armv7 armv7s";
				VERSIONING_SYSTEM = "apple-generic";
				VERSION_INFO_PREFIX = "";
			};
			name = Debug;
		};
		94959E131CA6F72C003E9EF6 /* Release */ = {
			isa = XCBuildConfiguration;
			buildSettings = {
				ALWAYS_SEARCH_USER_PATHS = NO;
				CLANG_ANALYZER_NONNULL = YES;
				CLANG_CXX_LANGUAGE_STANDARD = "gnu++0x";
				CLANG_CXX_LIBRARY = "libc++";
				CLANG_ENABLE_MODULES = YES;
				CLANG_ENABLE_OBJC_ARC = YES;
				CLANG_WARN_BLOCK_CAPTURE_AUTORELEASING = YES;
				CLANG_WARN_BOOL_CONVERSION = YES;
				CLANG_WARN_COMMA = YES;
				CLANG_WARN_CONSTANT_CONVERSION = YES;
				CLANG_WARN_DIRECT_OBJC_ISA_USAGE = YES_ERROR;
				CLANG_WARN_EMPTY_BODY = YES;
				CLANG_WARN_ENUM_CONVERSION = YES;
				CLANG_WARN_INFINITE_RECURSION = YES;
				CLANG_WARN_INT_CONVERSION = YES;
				CLANG_WARN_NON_LITERAL_NULL_CONVERSION = YES;
				CLANG_WARN_OBJC_LITERAL_CONVERSION = YES;
				CLANG_WARN_OBJC_ROOT_CLASS = YES_ERROR;
				CLANG_WARN_RANGE_LOOP_ANALYSIS = YES;
				CLANG_WARN_STRICT_PROTOTYPES = YES;
				CLANG_WARN_SUSPICIOUS_MOVE = YES;
				CLANG_WARN_UNREACHABLE_CODE = YES;
				CLANG_WARN__DUPLICATE_METHOD_MATCH = YES;
				"CODE_SIGN_IDENTITY[sdk=iphoneos*]" = "iPhone Developer";
				COPY_PHASE_STRIP = NO;
				CURRENT_PROJECT_VERSION = 1;
				DEBUG_INFORMATION_FORMAT = "dwarf-with-dsym";
				ENABLE_NS_ASSERTIONS = NO;
				ENABLE_STRICT_OBJC_MSGSEND = YES;
				GCC_C_LANGUAGE_STANDARD = gnu99;
				GCC_NO_COMMON_BLOCKS = YES;
				GCC_WARN_64_TO_32_BIT_CONVERSION = YES;
				GCC_WARN_ABOUT_RETURN_TYPE = YES_ERROR;
				GCC_WARN_UNDECLARED_SELECTOR = YES;
				GCC_WARN_UNINITIALIZED_AUTOS = YES_AGGRESSIVE;
				GCC_WARN_UNUSED_FUNCTION = YES;
				GCC_WARN_UNUSED_VARIABLE = YES;
				IPHONEOS_DEPLOYMENT_TARGET = 9.3;
				MTL_ENABLE_DEBUG_INFO = NO;
				ONLY_ACTIVE_ARCH = NO;
				SDKROOT = iphoneos;
				SWIFT_OPTIMIZATION_LEVEL = "-Owholemodule";
				TARGETED_DEVICE_FAMILY = "1,2";
				VALIDATE_PRODUCT = YES;
				VALID_ARCHS = "arm64 armv7 armv7s";
				VERSIONING_SYSTEM = "apple-generic";
				VERSION_INFO_PREFIX = "";
			};
			name = Release;
		};
		94959E151CA6F72C003E9EF6 /* Debug */ = {
			isa = XCBuildConfiguration;
			buildSettings = {
				CLANG_ENABLE_MODULES = YES;
				"CODE_SIGN_IDENTITY[sdk=iphoneos*]" = "";
				DEFINES_MODULE = YES;
				DYLIB_COMPATIBILITY_VERSION = 1;
				DYLIB_CURRENT_VERSION = 1;
				DYLIB_INSTALL_NAME_BASE = "@rpath";
				ENABLE_BITCODE = YES;
				INFOPLIST_FILE = CoreDataStack/Info.plist;
				INSTALL_PATH = "$(LOCAL_LIBRARY_DIR)/Frameworks";
				IPHONEOS_DEPLOYMENT_TARGET = 9.0;
				LD_RUNPATH_SEARCH_PATHS = "$(inherited) @executable_path/Frameworks @loader_path/Frameworks";
				ONLY_ACTIVE_ARCH = NO;
				PRODUCT_BUNDLE_IDENTIFIER = de.freiraum.CoreDataStack;
				PRODUCT_NAME = "$(TARGET_NAME)";
				SKIP_INSTALL = YES;
				SWIFT_OPTIMIZATION_LEVEL = "-Onone";
				SWIFT_VERSION = 4.0;
				VALID_ARCHS = "arm64 armv7 armv7s";
			};
			name = Debug;
		};
		94959E161CA6F72C003E9EF6 /* Release */ = {
			isa = XCBuildConfiguration;
			buildSettings = {
				CLANG_ENABLE_MODULES = YES;
				"CODE_SIGN_IDENTITY[sdk=iphoneos*]" = "";
				DEFINES_MODULE = YES;
				DYLIB_COMPATIBILITY_VERSION = 1;
				DYLIB_CURRENT_VERSION = 1;
				DYLIB_INSTALL_NAME_BASE = "@rpath";
				ENABLE_BITCODE = YES;
				INFOPLIST_FILE = CoreDataStack/Info.plist;
				INSTALL_PATH = "$(LOCAL_LIBRARY_DIR)/Frameworks";
				IPHONEOS_DEPLOYMENT_TARGET = 9.0;
				LD_RUNPATH_SEARCH_PATHS = "$(inherited) @executable_path/Frameworks @loader_path/Frameworks";
				ONLY_ACTIVE_ARCH = NO;
				PRODUCT_BUNDLE_IDENTIFIER = de.freiraum.CoreDataStack;
				PRODUCT_NAME = "$(TARGET_NAME)";
				SKIP_INSTALL = YES;
				SWIFT_VERSION = 4.0;
				VALID_ARCHS = "arm64 armv7 armv7s";
			};
			name = Release;
		};
		94959E181CA6F72C003E9EF6 /* Debug */ = {
			isa = XCBuildConfiguration;
			buildSettings = {
				DEVELOPMENT_TEAM = KH5K7JSKH9;
				INFOPLIST_FILE = CoreDataStackTests/Info.plist;
				LD_RUNPATH_SEARCH_PATHS = "$(inherited) @executable_path/Frameworks @loader_path/Frameworks";
				PRODUCT_BUNDLE_IDENTIFIER = de.freiraum.CoreDataStackTests;
				PRODUCT_NAME = "$(TARGET_NAME)";
				SWIFT_VERSION = 3.0;
			};
			name = Debug;
		};
		94959E191CA6F72C003E9EF6 /* Release */ = {
			isa = XCBuildConfiguration;
			buildSettings = {
				DEVELOPMENT_TEAM = KH5K7JSKH9;
				INFOPLIST_FILE = CoreDataStackTests/Info.plist;
				LD_RUNPATH_SEARCH_PATHS = "$(inherited) @executable_path/Frameworks @loader_path/Frameworks";
				PRODUCT_BUNDLE_IDENTIFIER = de.freiraum.CoreDataStackTests;
				PRODUCT_NAME = "$(TARGET_NAME)";
				SWIFT_VERSION = 3.0;
			};
			name = Release;
		};
/* End XCBuildConfiguration section */

/* Begin XCConfigurationList section */
		94959DFA1CA6F72C003E9EF6 /* Build configuration list for PBXProject "CoreDataStack" */ = {
			isa = XCConfigurationList;
			buildConfigurations = (
				94959E121CA6F72C003E9EF6 /* Debug */,
				94959E131CA6F72C003E9EF6 /* Release */,
			);
			defaultConfigurationIsVisible = 0;
			defaultConfigurationName = Release;
		};
		94959E141CA6F72C003E9EF6 /* Build configuration list for PBXNativeTarget "CoreDataStack" */ = {
			isa = XCConfigurationList;
			buildConfigurations = (
				94959E151CA6F72C003E9EF6 /* Debug */,
				94959E161CA6F72C003E9EF6 /* Release */,
			);
			defaultConfigurationIsVisible = 0;
			defaultConfigurationName = Release;
		};
		94959E171CA6F72C003E9EF6 /* Build configuration list for PBXNativeTarget "CoreDataStackTests" */ = {
			isa = XCConfigurationList;
			buildConfigurations = (
				94959E181CA6F72C003E9EF6 /* Debug */,
				94959E191CA6F72C003E9EF6 /* Release */,
			);
			defaultConfigurationIsVisible = 0;
			defaultConfigurationName = Release;
		};
/* End XCConfigurationList section */
	};
	rootObject = 94959DF71CA6F72C003E9EF6 /* Project object */;
}
